{
    "_readme": [
        "This file locks the dependencies of your project to a known state",
        "Read more about it at https://getcomposer.org/doc/01-basic-usage.md#composer-lock-the-lock-file",
        "This file is @generated automatically"
    ],
    "content-hash": "6a020b7764bebfe621b59bffcb4eca85",
    "packages": [
        {
            "name": "gburtini/acl",
            "version": "0.1.0",
            "source": {
                "type": "git",
                "url": "https://github.com/gburtini/PHP-ACL.git",
                "reference": "1ee2591b0401dccd66cd97da1dee0f2c171a75cd"
            },
            "dist": {
                "type": "zip",
                "url": "https://api.github.com/repos/gburtini/PHP-ACL/zipball/1ee2591b0401dccd66cd97da1dee0f2c171a75cd",
                "reference": "1ee2591b0401dccd66cd97da1dee0f2c171a75cd",
                "shasum": ""
            },
            "require": {
                "php": ">=5.5.0"
            },
            "type": "library",
            "autoload": {
                "psr-0": {
                    "gburtini\\ACL": "src"
                }
            },
            "notification-url": "https://packagist.org/downloads/",
            "license": [
                "GPL"
            ],
            "authors": [
                {
                    "name": "Giuseppe Burtini",
                    "email": "joe@truephp.com",
                    "homepage": "http://giuseppeburtini.com/",
                    "role": "Developer"
                }
            ],
            "description": "Dependency free, simple access control lists for PHP.",
            "homepage": "http://github.com/gburtini/PHP-ACL",
            "keywords": [
                "access",
                "access control",
                "acl",
                "login",
                "security",
                "user"
            ],
            "time": "2015-05-04T16:21:04+00:00"
        },
        {
            "name": "nadar/aspsms",
            "version": "1.0.1",
            "source": {
                "type": "git",
                "url": "https://github.com/nadar/aspsms.git",
                "reference": "dc459411b7349629e7e1054ac8c631cfebf63064"
            },
            "dist": {
                "type": "zip",
                "url": "https://api.github.com/repos/nadar/aspsms/zipball/dc459411b7349629e7e1054ac8c631cfebf63064",
                "reference": "dc459411b7349629e7e1054ac8c631cfebf63064",
                "shasum": ""
            },
            "require": {
                "ext-curl": "*",
                "php": ">=5.3.3"
            },
            "require-dev": {
                "fabpot/php-cs-fixer": "@stable",
                "phpunit/phpunit": "@stable"
            },
            "type": "library",
            "autoload": {
                "psr-4": {
                    "Aspsms\\": "src/"
                }
            },
            "notification-url": "https://packagist.org/downloads/",
            "license": [
                "Apache-2.0"
            ],
            "authors": [
                {
                    "name": "nadar",
                    "homepage": "https://github.com/nadar",
                    "role": "Creator"
                }
            ],
            "description": "php class for sending sms over aspsms",
            "homepage": "https://github.com/nadar/aspsms",
            "keywords": [
                "php",
                "sms"
            ],
            "time": "2016-04-15T20:49:05+00:00"
        },
        {
            "name": "paquettg/php-html-parser",
            "version": "1.7.0",
            "source": {
                "type": "git",
                "url": "https://github.com/paquettg/php-html-parser.git",
                "reference": "18845e09831dd0772b88b51e788a4f74c701224c"
            },
            "dist": {
                "type": "zip",
                "url": "https://api.github.com/repos/paquettg/php-html-parser/zipball/18845e09831dd0772b88b51e788a4f74c701224c",
                "reference": "18845e09831dd0772b88b51e788a4f74c701224c",
                "shasum": ""
            },
            "require": {
                "paquettg/string-encode": "~0.1.0",
                "php": ">=5.4"
            },
            "require-dev": {
                "mockery/mockery": "~0.9.0",
                "phpunit/phpunit": "~4.8.0",
                "satooshi/php-coveralls": "~0.6.0"
            },
            "type": "library",
            "autoload": {
                "psr-0": {
                    "PHPHtmlParser": "src/"
                }
            },
            "notification-url": "https://packagist.org/downloads/",
            "license": [
                "MIT"
            ],
            "authors": [
                {
                    "name": "Gilles Paquette",
                    "email": "paquettg@gmail.com",
                    "homepage": "http://gillespaquette.ca"
                }
            ],
            "description": "An HTML DOM parser. It allows you to manipulate HTML. Find tags on an HTML page with selectors just like jQuery.",
            "homepage": "https://github.com/paquettg/php-html-parser",
            "keywords": [
                "dom",
                "html",
                "parser"
            ],
            "time": "2016-04-06T15:24:40+00:00"
        },
        {
            "name": "paquettg/string-encode",
            "version": "0.1.1",
            "source": {
                "type": "git",
                "url": "https://github.com/paquettg/string-encoder.git",
                "reference": "cf08343649701979f581c1601d01247fa3782439"
            },
            "dist": {
                "type": "zip",
                "url": "https://api.github.com/repos/paquettg/string-encoder/zipball/cf08343649701979f581c1601d01247fa3782439",
                "reference": "cf08343649701979f581c1601d01247fa3782439",
                "shasum": ""
            },
            "require": {
                "php": ">=5.4"
            },
            "require-dev": {
                "phpunit/phpunit": "3.7.*"
            },
            "type": "library",
            "autoload": {
                "psr-0": {
                    "stringEncode": "src/"
                }
            },
            "notification-url": "https://packagist.org/downloads/",
            "license": [
                "MIT"
            ],
            "authors": [
                {
                    "name": "Gilles Paquette",
                    "email": "paquettg@gmail.com",
                    "homepage": "http://gillespaquette.ca"
                }
            ],
            "description": "Facilitating the process of altering string encoding in PHP.",
            "homepage": "https://github.com/paquettg/string-encoder",
            "keywords": [
                "charset",
                "encoding",
                "string"
            ],
            "time": "2014-05-29T18:38:09+00:00"
        },
        {
            "name": "phpmailer/phpmailer",
            "version": "v5.2.25",
            "source": {
                "type": "git",
                "url": "https://github.com/PHPMailer/PHPMailer.git",
                "reference": "2baf20b01690fba8cf720c1ebcf9b988eda50915"
            },
            "dist": {
                "type": "zip",
                "url": "https://api.github.com/repos/PHPMailer/PHPMailer/zipball/2baf20b01690fba8cf720c1ebcf9b988eda50915",
                "reference": "2baf20b01690fba8cf720c1ebcf9b988eda50915",
                "shasum": ""
            },
            "require": {
                "ext-ctype": "*",
                "php": ">=5.0.0"
            },
            "require-dev": {
                "doctrine/annotations": "1.2.*",
                "jms/serializer": "0.16.*",
                "phpdocumentor/phpdocumentor": "2.*",
                "phpunit/phpunit": "4.8.*",
                "symfony/debug": "2.8.*",
                "symfony/filesystem": "2.8.*",
                "symfony/translation": "2.8.*",
                "symfony/yaml": "2.8.*",
                "zendframework/zend-cache": "2.5.1",
                "zendframework/zend-config": "2.5.1",
                "zendframework/zend-eventmanager": "2.5.1",
                "zendframework/zend-filter": "2.5.1",
                "zendframework/zend-i18n": "2.5.1",
                "zendframework/zend-json": "2.5.1",
                "zendframework/zend-math": "2.5.1",
                "zendframework/zend-serializer": "2.5.*",
                "zendframework/zend-servicemanager": "2.5.*",
                "zendframework/zend-stdlib": "2.5.1"
            },
            "suggest": {
                "league/oauth2-google": "Needed for Google XOAUTH2 authentication"
            },
            "type": "library",
            "autoload": {
                "classmap": [
                    "class.phpmailer.php",
                    "class.phpmaileroauth.php",
                    "class.phpmaileroauthgoogle.php",
                    "class.smtp.php",
                    "class.pop3.php",
                    "extras/EasyPeasyICS.php",
                    "extras/ntlm_sasl_client.php"
                ]
            },
            "notification-url": "https://packagist.org/downloads/",
            "license": [
                "LGPL-2.1"
            ],
            "authors": [
                {
                    "name": "Jim Jagielski",
                    "email": "jimjag@gmail.com"
                },
                {
                    "name": "Marcus Bointon",
                    "email": "phpmailer@synchromedia.co.uk"
                },
                {
                    "name": "Andy Prevost",
                    "email": "codeworxtech@users.sourceforge.net"
                },
                {
                    "name": "Brent R. Matzelle"
                }
            ],
            "description": "PHPMailer is a full-featured email creation and transfer class for PHP",
            "time": "2017-08-28T11:12:07+00:00"
        },
        {
            "name": "psr/http-message",
            "version": "1.0.1",
            "source": {
                "type": "git",
                "url": "https://github.com/php-fig/http-message.git",
                "reference": "f6561bf28d520154e4b0ec72be95418abe6d9363"
            },
            "dist": {
                "type": "zip",
                "url": "https://api.github.com/repos/php-fig/http-message/zipball/f6561bf28d520154e4b0ec72be95418abe6d9363",
                "reference": "f6561bf28d520154e4b0ec72be95418abe6d9363",
                "shasum": ""
            },
            "require": {
                "php": ">=5.3.0"
            },
            "type": "library",
            "extra": {
                "branch-alias": {
                    "dev-master": "1.0.x-dev"
                }
            },
            "autoload": {
                "psr-4": {
                    "Psr\\Http\\Message\\": "src/"
                }
            },
            "notification-url": "https://packagist.org/downloads/",
            "license": [
                "MIT"
            ],
            "authors": [
                {
                    "name": "PHP-FIG",
                    "homepage": "http://www.php-fig.org/"
                }
            ],
            "description": "Common interface for HTTP messages",
            "homepage": "https://github.com/php-fig/http-message",
            "keywords": [
                "http",
                "http-message",
                "psr",
                "psr-7",
                "request",
                "response"
            ],
            "time": "2016-08-06T14:39:51+00:00"
        },
        {
            "name": "psr/log",
            "version": "1.0.2",
            "source": {
                "type": "git",
                "url": "https://github.com/php-fig/log.git",
                "reference": "4ebe3a8bf773a19edfe0a84b6585ba3d401b724d"
            },
            "dist": {
                "type": "zip",
                "url": "https://api.github.com/repos/php-fig/log/zipball/4ebe3a8bf773a19edfe0a84b6585ba3d401b724d",
                "reference": "4ebe3a8bf773a19edfe0a84b6585ba3d401b724d",
                "shasum": ""
            },
            "require": {
                "php": ">=5.3.0"
            },
            "type": "library",
            "extra": {
                "branch-alias": {
                    "dev-master": "1.0.x-dev"
                }
            },
            "autoload": {
                "psr-4": {
                    "Psr\\Log\\": "Psr/Log/"
                }
            },
            "notification-url": "https://packagist.org/downloads/",
            "license": [
                "MIT"
            ],
            "authors": [
                {
                    "name": "PHP-FIG",
                    "homepage": "http://www.php-fig.org/"
                }
            ],
            "description": "Common interface for logging libraries",
            "homepage": "https://github.com/php-fig/log",
            "keywords": [
                "log",
                "psr",
                "psr-3"
            ],
            "time": "2016-10-10T12:19:37+00:00"
        },
        {
            "name": "ptcong/easyrequest",
            "version": "1.0.6",
            "source": {
                "type": "git",
                "url": "https://github.com/ptcong/easyrequest.git",
                "reference": "f5c87818e961a9eed50047352d1bf546ca562f86"
            },
            "dist": {
                "type": "zip",
                "url": "https://api.github.com/repos/ptcong/easyrequest/zipball/f5c87818e961a9eed50047352d1bf546ca562f86",
                "reference": "f5c87818e961a9eed50047352d1bf546ca562f86",
                "shasum": ""
            },
            "require": {
                "php": ">=5.3",
                "psr/http-message": "^1.0"
            },
            "type": "library",
            "autoload": {
                "psr-4": {
                    "EasyRequest\\": "src/"
                },
                "files": [
                    "src/helpers.php"
                ]
            },
            "notification-url": "https://packagist.org/downloads/",
            "license": [
                "MIT"
            ],
            "authors": [
                {
                    "name": "Phan Thanh Cong",
                    "email": "ptcong90@gmail.com",
                    "homepage": "http://ptcong.com"
                }
            ],
            "description": "A light weight PHP http client implements PSR7, use socket/curl for sending requests.",
            "keywords": [
                "Socket",
                "curl",
                "http",
                "php",
                "php http client",
                "request"
            ],
            "time": "2016-12-04T14:06:46+00:00"
        },
        {
            "name": "robmorgan/phinx",
            "version": "v0.8.1",
            "source": {
                "type": "git",
                "url": "https://github.com/cakephp/phinx.git",
                "reference": "7a19de5bebc59321edd9613bc2a667e7f96224ec"
            },
            "dist": {
                "type": "zip",
                "url": "https://api.github.com/repos/cakephp/phinx/zipball/7a19de5bebc59321edd9613bc2a667e7f96224ec",
                "reference": "7a19de5bebc59321edd9613bc2a667e7f96224ec",
                "shasum": ""
            },
            "require": {
                "php": ">=5.4",
                "symfony/config": "~2.8|~3.0",
                "symfony/console": "~2.8|~3.0",
                "symfony/yaml": "~2.8|~3.0"
            },
            "require-dev": {
                "phpunit/phpunit": "^4.8.26|^5.0"
            },
            "bin": [
                "bin/phinx"
            ],
            "type": "library",
            "autoload": {
                "psr-4": {
                    "Phinx\\": "src/Phinx"
                }
            },
            "notification-url": "https://packagist.org/downloads/",
            "license": [
                "MIT"
            ],
            "authors": [
                {
                    "name": "Woody Gilk",
                    "email": "woody.gilk@gmail.com",
                    "homepage": "http://shadowhand.me",
                    "role": "Developer"
                },
                {
                    "name": "Rob Morgan",
                    "email": "robbym@gmail.com",
                    "homepage": "https://robmorgan.id.au",
                    "role": "Lead Developer"
                },
                {
                    "name": "Richard Quadling",
                    "email": "rquadling@gmail.com",
                    "role": "Developer"
                }
            ],
            "description": "Phinx makes it ridiculously easy to manage the database migrations for your PHP app.",
            "homepage": "https://phinx.org",
            "keywords": [
                "database",
                "database migrations",
                "db",
                "migrations",
                "phinx"
            ],
            "time": "2017-06-05T13:30:19+00:00"
        },
        {
            "name": "smarty/smarty",
            "version": "v3.1.31",
            "source": {
                "type": "git",
                "url": "https://github.com/smarty-php/smarty.git",
                "reference": "c7d42e4a327c402897dd587871434888fde1e7a9"
            },
            "dist": {
                "type": "zip",
                "url": "https://api.github.com/repos/smarty-php/smarty/zipball/c7d42e4a327c402897dd587871434888fde1e7a9",
                "reference": "c7d42e4a327c402897dd587871434888fde1e7a9",
                "shasum": ""
            },
            "require": {
                "php": ">=5.2"
            },
            "type": "library",
            "extra": {
                "branch-alias": {
                    "dev-master": "3.1.x-dev"
                }
            },
            "autoload": {
                "files": [
                    "libs/bootstrap.php"
                ]
            },
            "notification-url": "https://packagist.org/downloads/",
            "license": [
                "LGPL-3.0"
            ],
            "authors": [
                {
                    "name": "Monte Ohrt",
                    "email": "monte@ohrt.com"
                },
                {
                    "name": "Uwe Tews",
                    "email": "uwe.tews@googlemail.com"
                },
                {
                    "name": "Rodney Rehm",
                    "email": "rodney.rehm@medialize.de"
                }
            ],
            "description": "Smarty - the compiling PHP template engine",
            "homepage": "http://www.smarty.net",
            "keywords": [
                "templating"
            ],
            "time": "2016-12-14T21:57:25+00:00"
        },
        {
            "name": "splattner/framework",
            "version": "1.1.3",
            "source": {
                "type": "git",
                "url": "https://github.com/splattner/framework.git",
                "reference": "6425606577bb03f0c848a96d8fbfaa735c271a5b"
            },
            "dist": {
                "type": "zip",
                "url": "https://api.github.com/repos/splattner/framework/zipball/6425606577bb03f0c848a96d8fbfaa735c271a5b",
                "reference": "6425606577bb03f0c848a96d8fbfaa735c271a5b",
                "shasum": ""
            },
            "require": {
                "gburtini/acl": "^0.1.0",
                "php": ">=5.3.0",
                "smarty/smarty": "^3.1"
            },
            "type": "library",
            "autoload": {
                "files": [
                    "src/Application.php",
                    "src/API.php",
                    "src/Model.php",
                    "src/Page.php",
                    "src/Plugin.php",
                    "src/PublicAPI.php",
                    "src/Service.php",
                    "src/Session.php"
                ]
            },
            "notification-url": "https://packagist.org/downloads/",
            "license": [
                "MIT"
            ],
            "authors": [
                {
                    "name": "Sebastian Plattner",
                    "email": "sebastian.plattner@gmail.com",
                    "role": "Developer"
                }
            ],
            "description": "Simple PHP Framework used by splattner/myvbc",
            "homepage": "https://github.com/splattner/framework",
            "time": "2017-10-20T06:28:00+00:00"
        },
        {
            "name": "splattner/mailmanapi",
            "version": "1.0.2",
            "source": {
                "type": "git",
                "url": "https://github.com/splattner/mailmanAPI.git",
                "reference": "d3596aa8a2e2c0ec14d6a439e9e4d392f53a04a9"
            },
            "dist": {
                "type": "zip",
                "url": "https://api.github.com/repos/splattner/mailmanAPI/zipball/d3596aa8a2e2c0ec14d6a439e9e4d392f53a04a9",
                "reference": "d3596aa8a2e2c0ec14d6a439e9e4d392f53a04a9",
                "shasum": ""
            },
            "require": {
                "paquettg/php-html-parser": "^1.7",
                "ptcong/easyrequest": "^1.0"
            },
            "type": "library",
            "autoload": {
                "files": [
                    "src/api.php"
                ]
            },
            "notification-url": "https://packagist.org/downloads/",
            "license": [
                "MIT"
            ],
            "authors": [
                {
                    "name": "Sebastian Plattner",
                    "email": "sebastian.plattner@gmail.com",
                    "role": "Developer"
                }
            ],
            "description": "A simple API to work with Mailman 2.x Mailing Lists",
            "homepage": "https://github.com/splattner/mailmanAPI",
            "time": "2017-10-20T07:59:14+00:00"
        },
        {
            "name": "symfony/config",
            "version": "v3.3.10",
            "source": {
                "type": "git",
                "url": "https://github.com/symfony/config.git",
                "reference": "4ab62407bff9cd97c410a7feaef04c375aaa5cfd"
            },
            "dist": {
                "type": "zip",
                "url": "https://api.github.com/repos/symfony/config/zipball/4ab62407bff9cd97c410a7feaef04c375aaa5cfd",
                "reference": "4ab62407bff9cd97c410a7feaef04c375aaa5cfd",
                "shasum": ""
            },
            "require": {
                "php": "^5.5.9|>=7.0.8",
                "symfony/filesystem": "~2.8|~3.0"
            },
            "conflict": {
                "symfony/dependency-injection": "<3.3",
                "symfony/finder": "<3.3"
            },
            "require-dev": {
                "symfony/dependency-injection": "~3.3",
                "symfony/finder": "~3.3",
                "symfony/yaml": "~3.0"
            },
            "suggest": {
                "symfony/yaml": "To use the yaml reference dumper"
            },
            "type": "library",
            "extra": {
                "branch-alias": {
                    "dev-master": "3.3-dev"
                }
            },
            "autoload": {
                "psr-4": {
                    "Symfony\\Component\\Config\\": ""
                },
                "exclude-from-classmap": [
                    "/Tests/"
                ]
            },
            "notification-url": "https://packagist.org/downloads/",
            "license": [
                "MIT"
            ],
            "authors": [
                {
                    "name": "Fabien Potencier",
                    "email": "fabien@symfony.com"
                },
                {
                    "name": "Symfony Community",
                    "homepage": "https://symfony.com/contributors"
                }
            ],
            "description": "Symfony Config Component",
            "homepage": "https://symfony.com",
            "time": "2017-10-04T18:56:58+00:00"
        },
        {
            "name": "symfony/console",
            "version": "v3.3.10",
            "source": {
                "type": "git",
                "url": "https://github.com/symfony/console.git",
                "reference": "116bc56e45a8e5572e51eb43ab58c769a352366c"
            },
            "dist": {
                "type": "zip",
                "url": "https://api.github.com/repos/symfony/console/zipball/116bc56e45a8e5572e51eb43ab58c769a352366c",
                "reference": "116bc56e45a8e5572e51eb43ab58c769a352366c",
                "shasum": ""
            },
            "require": {
                "php": "^5.5.9|>=7.0.8",
                "symfony/debug": "~2.8|~3.0",
                "symfony/polyfill-mbstring": "~1.0"
            },
            "conflict": {
                "symfony/dependency-injection": "<3.3"
            },
            "require-dev": {
                "psr/log": "~1.0",
                "symfony/config": "~3.3",
                "symfony/dependency-injection": "~3.3",
                "symfony/event-dispatcher": "~2.8|~3.0",
                "symfony/filesystem": "~2.8|~3.0",
                "symfony/process": "~2.8|~3.0"
            },
            "suggest": {
                "psr/log": "For using the console logger",
                "symfony/event-dispatcher": "",
                "symfony/filesystem": "",
                "symfony/process": ""
            },
            "type": "library",
            "extra": {
                "branch-alias": {
                    "dev-master": "3.3-dev"
                }
            },
            "autoload": {
                "psr-4": {
                    "Symfony\\Component\\Console\\": ""
                },
                "exclude-from-classmap": [
                    "/Tests/"
                ]
            },
            "notification-url": "https://packagist.org/downloads/",
            "license": [
                "MIT"
            ],
            "authors": [
                {
                    "name": "Fabien Potencier",
                    "email": "fabien@symfony.com"
                },
                {
                    "name": "Symfony Community",
                    "homepage": "https://symfony.com/contributors"
                }
            ],
            "description": "Symfony Console Component",
            "homepage": "https://symfony.com",
            "time": "2017-10-02T06:42:24+00:00"
        },
        {
            "name": "symfony/debug",
            "version": "v3.3.10",
            "source": {
                "type": "git",
                "url": "https://github.com/symfony/debug.git",
                "reference": "eb95d9ce8f18dcc1b3dfff00cb624c402be78ffd"
            },
            "dist": {
                "type": "zip",
                "url": "https://api.github.com/repos/symfony/debug/zipball/eb95d9ce8f18dcc1b3dfff00cb624c402be78ffd",
                "reference": "eb95d9ce8f18dcc1b3dfff00cb624c402be78ffd",
                "shasum": ""
            },
            "require": {
                "php": "^5.5.9|>=7.0.8",
                "psr/log": "~1.0"
            },
            "conflict": {
                "symfony/http-kernel": ">=2.3,<2.3.24|~2.4.0|>=2.5,<2.5.9|>=2.6,<2.6.2"
            },
            "require-dev": {
                "symfony/http-kernel": "~2.8|~3.0"
            },
            "type": "library",
            "extra": {
                "branch-alias": {
                    "dev-master": "3.3-dev"
                }
            },
            "autoload": {
                "psr-4": {
                    "Symfony\\Component\\Debug\\": ""
                },
                "exclude-from-classmap": [
                    "/Tests/"
                ]
            },
            "notification-url": "https://packagist.org/downloads/",
            "license": [
                "MIT"
            ],
            "authors": [
                {
                    "name": "Fabien Potencier",
                    "email": "fabien@symfony.com"
                },
                {
                    "name": "Symfony Community",
                    "homepage": "https://symfony.com/contributors"
                }
            ],
            "description": "Symfony Debug Component",
            "homepage": "https://symfony.com",
            "time": "2017-10-02T06:42:24+00:00"
        },
        {
            "name": "symfony/filesystem",
            "version": "v3.3.10",
            "source": {
                "type": "git",
                "url": "https://github.com/symfony/filesystem.git",
                "reference": "90bc45abf02ae6b7deb43895c1052cb0038506f1"
            },
            "dist": {
                "type": "zip",
                "url": "https://api.github.com/repos/symfony/filesystem/zipball/90bc45abf02ae6b7deb43895c1052cb0038506f1",
                "reference": "90bc45abf02ae6b7deb43895c1052cb0038506f1",
                "shasum": ""
            },
            "require": {
                "php": "^5.5.9|>=7.0.8"
            },
            "type": "library",
            "extra": {
                "branch-alias": {
                    "dev-master": "3.3-dev"
                }
            },
            "autoload": {
                "psr-4": {
                    "Symfony\\Component\\Filesystem\\": ""
                },
                "exclude-from-classmap": [
                    "/Tests/"
                ]
            },
            "notification-url": "https://packagist.org/downloads/",
            "license": [
                "MIT"
            ],
            "authors": [
                {
                    "name": "Fabien Potencier",
                    "email": "fabien@symfony.com"
                },
                {
                    "name": "Symfony Community",
                    "homepage": "https://symfony.com/contributors"
                }
            ],
            "description": "Symfony Filesystem Component",
            "homepage": "https://symfony.com",
            "time": "2017-10-03T13:33:10+00:00"
        },
        {
            "name": "symfony/polyfill-mbstring",
            "version": "v1.6.0",
            "source": {
                "type": "git",
                "url": "https://github.com/symfony/polyfill-mbstring.git",
                "reference": "2ec8b39c38cb16674bbf3fea2b6ce5bf117e1296"
            },
            "dist": {
                "type": "zip",
                "url": "https://api.github.com/repos/symfony/polyfill-mbstring/zipball/2ec8b39c38cb16674bbf3fea2b6ce5bf117e1296",
                "reference": "2ec8b39c38cb16674bbf3fea2b6ce5bf117e1296",
                "shasum": ""
            },
            "require": {
                "php": ">=5.3.3"
            },
            "suggest": {
                "ext-mbstring": "For best performance"
            },
            "type": "library",
            "extra": {
                "branch-alias": {
                    "dev-master": "1.6-dev"
                }
            },
            "autoload": {
                "psr-4": {
                    "Symfony\\Polyfill\\Mbstring\\": ""
                },
                "files": [
                    "bootstrap.php"
                ]
            },
            "notification-url": "https://packagist.org/downloads/",
            "license": [
                "MIT"
            ],
            "authors": [
                {
                    "name": "Nicolas Grekas",
                    "email": "p@tchwork.com"
                },
                {
                    "name": "Symfony Community",
                    "homepage": "https://symfony.com/contributors"
                }
            ],
            "description": "Symfony polyfill for the Mbstring extension",
            "homepage": "https://symfony.com",
            "keywords": [
                "compatibility",
                "mbstring",
                "polyfill",
                "portable",
                "shim"
            ],
            "time": "2017-10-11T12:05:26+00:00"
        },
        {
            "name": "symfony/yaml",
            "version": "v3.3.10",
            "source": {
                "type": "git",
                "url": "https://github.com/symfony/yaml.git",
                "reference": "8c7bf1e7d5d6b05a690b715729cb4cd0c0a99c46"
            },
            "dist": {
                "type": "zip",
                "url": "https://api.github.com/repos/symfony/yaml/zipball/8c7bf1e7d5d6b05a690b715729cb4cd0c0a99c46",
                "reference": "8c7bf1e7d5d6b05a690b715729cb4cd0c0a99c46",
                "shasum": ""
            },
            "require": {
                "php": "^5.5.9|>=7.0.8"
            },
            "require-dev": {
                "symfony/console": "~2.8|~3.0"
            },
            "suggest": {
                "symfony/console": "For validating YAML files using the lint command"
            },
            "type": "library",
            "extra": {
                "branch-alias": {
                    "dev-master": "3.3-dev"
                }
            },
            "autoload": {
                "psr-4": {
                    "Symfony\\Component\\Yaml\\": ""
                },
                "exclude-from-classmap": [
                    "/Tests/"
                ]
            },
            "notification-url": "https://packagist.org/downloads/",
            "license": [
                "MIT"
            ],
            "authors": [
                {
                    "name": "Fabien Potencier",
                    "email": "fabien@symfony.com"
                },
                {
                    "name": "Symfony Community",
                    "homepage": "https://symfony.com/contributors"
                }
            ],
            "description": "Symfony Yaml Component",
            "homepage": "https://symfony.com",
            "time": "2017-10-05T14:43:42+00:00"
        }
    ],
    "packages-dev": [],
    "aliases": [],
    "minimum-stability": "stable",
    "stability-flags": [],
    "prefer-stable": false,
    "prefer-lowest": false,
    "platform": [],
    "platform-dev": []
}
