{
    "_readme": [
        "This file locks the dependencies of your project to a known state",
        "Read more about it at https://getcomposer.org/doc/01-basic-usage.md#composer-lock-the-lock-file",
        "This file is @generated automatically"
    ],
    "hash": "fc2e1af307f65c786a75199387b78bed",
    "content-hash": "c9b5d803e21f90da8c76b7834b891774",
    "packages": [
        {
            "name": "nadar/aspsms",
            "version": "1.0.1",
            "source": {
                "type": "git",
                "url": "https://github.com/nadar/aspsms.git",
                "reference": "dc459411b7349629e7e1054ac8c631cfebf63064"
            },
            "dist": {
                "type": "zip",
                "url": "https://api.github.com/repos/nadar/aspsms/zipball/dc459411b7349629e7e1054ac8c631cfebf63064",
                "reference": "dc459411b7349629e7e1054ac8c631cfebf63064",
                "shasum": ""
            },
            "require": {
                "ext-curl": "*",
                "php": ">=5.3.3"
            },
            "require-dev": {
                "fabpot/php-cs-fixer": "@stable",
                "phpunit/phpunit": "@stable"
            },
            "type": "library",
            "autoload": {
                "psr-4": {
                    "Aspsms\\": "src/"
                }
            },
            "notification-url": "https://packagist.org/downloads/",
            "license": [
                "Apache-2.0"
            ],
            "authors": [
                {
                    "name": "nadar",
                    "homepage": "https://github.com/nadar",
                    "role": "Creator"
                }
            ],
            "description": "php class for sending sms over aspsms",
            "homepage": "https://github.com/nadar/aspsms",
            "keywords": [
                "php",
                "sms"
            ],
            "time": "2016-04-15 20:49:05"
        }
    ],
    "packages-dev": [],
    "aliases": [],
    "minimum-stability": "stable",
    "stability-flags": [],
    "prefer-stable": false,
    "prefer-lowest": false,
    "platform": [],
    "platform-dev": []
}
